
Microsoft Visual Studio Solution File, Format Version 12.00
# Visual Studio Version 17
VisualStudioVersion = 17.0.31919.166
MinimumVisualStudioVersion = 10.0.40219.1
Project("{9A19103F-16F7-4668-BE54-9A1E7A4F7556}") = "WebApplication1", "WebApplication1\WebApplication1.csproj", "{C58846D5-A6A8-4EB5-A49C-E53BBD22BB5A}"
EndProject
Global
	GlobalSection(SolutionConfigurationPlatforms) = preSolution
		Debug|Any CPU = Debug|Any CPU
		Release|Any CPU = Release|Any CPU
	EndGlobalSection
	GlobalSection(ProjectConfigurationPlatforms) = postSolution
		{C58846D5-A6A8-4EB5-A49C-E53BBD22BB5A}.Debug|Any CPU.ActiveCfg = Debug|Any CPU
		{C58846D5-A6A8-4EB5-A49C-E53BBD22BB5A}.Debug|Any CPU.Build.0 = Debug|Any CPU
		{C58846D5-A6A8-4EB5-A49C-E53BBD22BB5A}.Release|Any CPU.ActiveCfg = Release|Any CPU
		{C58846D5-A6A8-4EB5-A49C-E53BBD22BB5A}.Release|Any CPU.Build.0 = Release|Any CPU
	EndGlobalSection
	GlobalSection(SolutionProperties) = preSolution
		HideSolutionNode = FALSE
	EndGlobalSection
	GlobalSection(ExtensibilityGlobals) = postSolution
		SolutionGuid = {74FA0139-F44F-4774-BA37-BBBC5D72E780}
	EndGlobalSection
EndGlobal
